
Microsoft Visual Studio Solution File, Format Version 12.00
# Visual Studio Version 16
VisualStudioVersion = 16.0.29509.3
MinimumVisualStudioVersion = 10.0.40219.1
Project("{FAE04EC0-301F-11D3-BF4B-00C04F79EFBC}") = "AsyncProduct", "AsyncProduct\AsyncProduct.csproj", "{38B02184-A575-4D8D-BAB4-702D0B4CF370}"
EndProject
Global
	GlobalSection(SolutionConfigurationPlatforms) = preSolution
		Debug|Any CPU = Debug|Any CPU
		Release|Any CPU = Release|Any CPU
	EndGlobalSection
	GlobalSection(ProjectConfigurationPlatforms) = postSolution
		{38B02184-A575-4D8D-BAB4-702D0B4CF370}.Debug|Any CPU.ActiveCfg = Debug|Any CPU
		{38B02184-A575-4D8D-BAB4-702D0B4CF370}.Debug|Any CPU.Build.0 = Debug|Any CPU
		{38B02184-A575-4D8D-BAB4-702D0B4CF370}.Release|Any CPU.ActiveCfg = Release|Any CPU
		{38B02184-A575-4D8D-BAB4-702D0B4CF370}.Release|Any CPU.Build.0 = Release|Any CPU
	EndGlobalSection
	GlobalSection(SolutionProperties) = preSolution
		HideSolutionNode = FALSE
	EndGlobalSection
	GlobalSection(ExtensibilityGlobals) = postSolution
		SolutionGuid = {BB47BB12-89FE-4400-A74B-5F48D5150A18}
	EndGlobalSection
EndGlobal
